version = 1
requires-python = ">=3.13, <3.15"

[[package]]
name = "colorama"
version = "0.4.6"
source = { registry = "https://pypi.org/simple" }
sdist = { url = "https://files.pythonhosted.org/packages/d8/53/6f443c9a4a8358a93a6792e2acffb9d9d5cb0a5cfd8802644b7b1c9a02e4/colorama-0.4.6.tar.gz", hash = "sha256:08695f5cb7ed6e0531a20572697297273c47b8cae5a63ffc6d6ed5c201be6e44", size = 27697 }
wheels = [
    { url = "https://files.pythonhosted.org/packages/d1/d6/3965ed04c63042e047cb6a3e6ed1a63a35087b6a609aa3a15ed8ac56c221/colorama-0.4.6-py2.py3-none-any.whl", hash = "sha256:4f1d9991f5acc0ca119f9d443620b77f9d6b33703e51011c16baf57afb285fc6", size = 25335 },
]

[[package]]
name = "home-ai-cluster-desktop"
version = "0.1.0"
source = { editable = "." }
dependencies = [
    { name = "pyside6" },
]

[package.dev-dependencies]
dev = [
    { name = "pytest" },
    { name = "ruff" },
]

[package.metadata]
requires-dist = [{ name = "pyside6", specifier = ">=6.10,<7" }]

[package.metadata.requires-dev]
dev = [
    { name = "pytest", specifier = ">=8.4" },
    { name = "ruff", specifier = ">=0.12" },
]

[[package]]
name = "iniconfig"
version = "2.3.1"
source = { registry = "https://pypi.org/simple" }
sdist = { url = "https://files.pythonhosted.org/packages/01/e1/2069291243c926a2ff1cd706c7f3eeb9b62144bf60f77c9fb9ff2fb26bd3/iniconfig-2.3.1.tar.gz", hash = "sha256:67f4b9c50da0dedf52af349e7749a80a9057a5031199791b906c3bb3ae878960", size = 21209 }
wheels = [
    { url = "https://files.pythonhosted.org/packages/56/43/4ca9e49d27a1fcf6bece6f6aec0ea46bb9112489b93d4b688fb415457bdb/iniconfig-2.3.1-py3-none-any.whl", hash = "sha256:9121e2c1fdb355232495be3194c8dfe87ccc2d5dee45947b78e68f499790d7a7", size = 7552 },
]

[[package]]
name = "packaging"
version = "26.3"
source = { registry = "https://pypi.org/simple" }
sdist = { url = "https://files.pythonhosted.org/packages/7d/fa/3944b40b07da9ce895c0e6303a5ab7d53da063554f534556b134a54d6093/packaging-26.3.tar.gz", hash = "sha256:94edc256424af38762eb31306eed28beb9f0efc50a8837492c9d6fd6004aed79", size = 313412 }
wheels = [
    { url = "https://files.pythonhosted.org/packages/63/34/ba1c580383c9eada3711951fef0795c80b829a078d72188184bcab9dd527/packaging-26.3-py3-none-any.whl", hash = "sha256:d7193f7c8e4e93f444fde0262bf90af30e16fa0ad0ad44cb553c87339b23cd1c", size = 129956 },
]

[[package]]
name = "pluggy"
version = "1.6.0"
source = { registry = "https://pypi.org/simple" }
sdist = { url = "https://files.pythonhosted.org/packages/f9/e2/3e91f31a7d2b083fe6ef3fa267035b518369d9511ffab804f839851d2779/pluggy-1.6.0.tar.gz", hash = "sha256:7dcc130b76258d33b90f61b658791dede3486c3e6bfb003ee5c9bfb396dd22f3", size = 69412 }
wheels = [
    { url = "https://files.pythonhosted.org/packages/54/20/4d324d65cc6d9205fabedc306948156824eb9f0ee1633355a8f7ec5c66bf/pluggy-1.6.0-py3-none-any.whl", hash = "sha256:e920276dd6813095e9377c0bc5566d94c932c33b27a3e3945d8389c374dd4746", size = 20538 },
]

[[package]]
name = "pygments"
version = "2.21.0"
source = { registry = "https://pypi.org/simple" }
sdist = { url = "https://files.pythonhosted.org/packages/49/2e/ced460408999b33da6b31b0021b0f37d329e202d4169aeb164493778f25b/pygments-2.21.0.tar.gz", hash = "sha256:610ca751c9bc2492b38eb9a38a7fbc93edbbb2d7182edaf34e66ae493dee5c8c", size = 5005329 }
wheels = [
    { url = "https://files.pythonhosted.org/packages/71/46/17f022dd3e953bf20a04a028a21ec746d942f8d2af30fa0f124fa0e6a684/pygments-2.21.0-py3-none-any.whl", hash = "sha256:2363c69b61c4a97c838da3b130dcd6468f4848992b21a82f2a63ec34377137d9", size = 1250147 },
]

[[package]]
name = "pyside6"
version = "6.12.0"
source = { registry = "https://pypi.org/simple" }
dependencies = [
    { name = "pyside6-addons" },
    { name = "pyside6-essentials" },
    { name = "pyside6-pdf" },
    { name = "pyside6-webengine" },
]
wheels = [
    { url = "https://files.pythonhosted.org/packages/fa/db/0722bbb81c3515dd0847fd66a7fb4760b13ad59c89e40b27b362ab5624e2/pyside6-6.12.0-cp310-abi3-macosx_14_0_universal2.whl", hash = "sha256:efea4c2f2aa54403c45de825865a902a1960a1cc9d5aaa92d4ebb8f4c4cd0708", size = 577475 },
    { url = "https://files.pythonhosted.org/packages/2f/53/db0cabed1e70d0bc4666b8cbc2611b72bff2f9d2c4813820182621a8c6ee/pyside6-6.12.0-cp310-abi3-manylinux_2_34_x86_64.whl", hash = "sha256:d13ed4d0053cc20f3e4e0fdbf12790a9b7f958d7e22c0843411ecfa8c799e2a9", size = 577709 },
    { url = "https://files.pythonhosted.org/packages/4d/8c/dfd4f339285d2e6c31067789b9b7dd2cee26c098ecc78ac7200fb04aa344/pyside6-6.12.0-cp310-abi3-manylinux_2_39_aarch64.whl", hash = "sha256:8920e163f60493e18822d20f1e01c7c4bcf9c1c5cfbc68284788896f692594f8", size = 577708 },
    { url = "https://files.pythonhosted.org/packages/a1/da/8e8514fc29ea916c3cd71a524480b77409e19ed12d709e8a5d73be089b81/pyside6-6.12.0-cp310-abi3-win_amd64.whl", hash = "sha256:31a8d2893f2f28ab483b1534dde0438f27af6e234593de30425cb4729052d8f8", size = 578958 },
    { url = "https://files.pythonhosted.org/packages/5f/2e/3ebafaf7f4ccea6f6ea9d017f7fc7d9484b79e6b31d1cb92f5f5262055f0/pyside6-6.12.0-cp310-abi3-win_arm64.whl", hash = "sha256:22e2ec6407f32b61955a28f91ab55676e60017210285c28f0c381bfeed389414", size = 562743 },
]

[[package]]
name = "pyside6-addons"
version = "6.12.0"
source = { registry = "https://pypi.org/simple" }
dependencies = [
    { name = "pyside6-essentials" },
]
wheels = [
    { url = "https://files.pythonhosted.org/packages/c3/16/c401d6455dbf49df37a8b142883e12d446abf51919c3e0ef5d9570e29160/pyside6_addons-6.12.0-cp310-abi3-macosx_14_0_universal2.whl", hash = "sha256:1d9bcd294ce1c9829194c7d13b01f771a2254b86cb3462cc3399321d2797fdac", size = 90545550 },
    { url = "https://files.pythonhosted.org/packages/ff/3e/0d6c5934de575286ac0699a701d4155048185035b8da0ee78d57a38bc7ef/pyside6_addons-6.12.0-cp310-abi3-manylinux_2_34_x86_64.whl", hash = "sha256:4ab38c0017f0453671a9313d3a53ca1c0e378924f54b07e596bcea94a9642391", size = 59192702 },
    { url = "https://files.pythonhosted.org/packages/94/14/b6c5683614601448c3ea8f19613ca378db75158ba594b662a8a8041e3e5f/pyside6_addons-6.12.0-cp310-abi3-manylinux_2_39_aarch64.whl", hash = "sha256:48cd0b639c06c9f79685f340ccae4319614b66d6efcdf06c2ce3836790d8c46e", size = 63646547 },
    { url = "https://files.pythonhosted.org/packages/02/41/ba3d52fe2acd942ebf71eb02b3bdf0897f7f6f4ce8f52289cb50228e48d3/pyside6_addons-6.12.0-cp310-abi3-win_amd64.whl", hash = "sha256:98d8d62010da6605344cee83e5c96fb846170a1f2d924523f10f5d92078b02b0", size = 40522402 },
    { url = "https://files.pythonhosted.org/packages/ea/73/860ab764368cd59b1a09cb891a9a4519425395ad1f6c47d83fde908fe603/pyside6_addons-6.12.0-cp310-abi3-win_arm64.whl", hash = "sha256:3c079cbaad2ad28bc5bfa92fd6bac4ba28d622b825825e3b4220f0682599b2db", size = 35940682 },
]

[[package]]
name = "pyside6-essentials"
version = "6.12.0"
source = { registry = "https://pypi.org/simple" }
dependencies = [
    { name = "shiboken6" },
]
wheels = [
    { url = "https://files.pythonhosted.org/packages/e1/90/d528f8dd3f9f20712bc719e10c698d27c998e1dd76ed3f33b6fb606d0972/pyside6_essentials-6.12.0-cp310-abi3-macosx_14_0_universal2.whl", hash = "sha256:0867b709a724db28b161227c7d6ecb5ed10cc09226a53542417ac6dee1308239", size = 116002775 },
    { url = "https://files.pythonhosted.org/packages/7b/3c/7597d8dcb36aa8315427635ec6ec9d850ffbad4ce78b9118ac854889f2d3/pyside6_essentials-6.12.0-cp310-abi3-manylinux_2_34_x86_64.whl", hash = "sha256:16f4b5e41daf49235ae048458243da9efe5f3d8040f9cc5aa454ce69893d3bd9", size = 84346433 },
    { url = "https://files.pythonhosted.org/packages/5e/4e/f4fd4c016719be832ec49d3c87940459e87fd666179a0a199a3998d07916/pyside6_essentials-6.12.0-cp310-abi3-manylinux_2_39_aarch64.whl", hash = "sha256:08c5841063fc1df69b7fa1ee405f539e66576a83fc48004be3e2c5e35ccbfa69", size = 83810102 },
    { url = "https://files.pythonhosted.org/packages/03/61/9a7e32a37b224f68506785bfb0f288d516098ec71681782d72b695a6c95d/pyside6_essentials-6.12.0-cp310-abi3-win_amd64.whl", hash = "sha256:c9a95102aa23c1f86516a30d5a9be37552d324eee7e567eb7508973f1218cb42", size = 82153795 },
    { url = "https://files.pythonhosted.org/packages/92/11/43afb3d0e7c25dd09f0eb7e44f1283dadb5fa8d8b517249fe3fde02e6702/pyside6_essentials-6.12.0-cp310-abi3-win_arm64.whl", hash = "sha256:c76aa689989bf9bb9b45535e0a81c6733294df720b0eed1308fa30d2606b98cc", size = 62073456 },
]

[[package]]
name = "pyside6-pdf"
version = "6.12.0.140"
source = { registry = "https://pypi.org/simple" }
dependencies = [
    { name = "pyside6-essentials" },
]
wheels = [
    { url = "https://files.pythonhosted.org/packages/58/33/23949c3b48af4b96b618e0502b7313ac52a782615db8dceae5bc2c516831/pyside6_pdf-6.12.0.140-cp310-abi3-macosx_14_0_universal2.whl", hash = "sha256:74287989dd24a82ac1604e27a2d4530a0ab71ff03cdf878c16fdbcf5144373fb", size = 8644803 },
    { url = "https://files.pythonhosted.org/packages/b4/f0/9b4f3cb0506641ea53210c7b635703f1c2c1e81c27074438105ff118f8e7/pyside6_pdf-6.12.0.140-cp310-abi3-manylinux_2_34_x86_64.whl", hash = "sha256:0c94370b6b9d65fbfe54f9d6d25df0677db0cdcfd0a842a63958a3603a42007c", size = 2843877 },
    { url = "https://files.pythonhosted.org/packages/39/cb/4a8cf3edb3f1b2396935573c02255be75f5605dcc77e9e3a201a6d6f26d7/pyside6_pdf-6.12.0.140-cp310-abi3-manylinux_2_39_aarch64.whl", hash = "sha256:2b63ee1f8ce3d3b2b648be2ebda483dd0fbca8d44c92a6c6f924033ac7fbde8c", size = 2837165 },
    { url = "https://files.pythonhosted.org/packages/0e/8a/3f5eab9eb9e6486f0334b100322bbd0aff432dd90ad7977a3910979a163f/pyside6_pdf-6.12.0.140-cp310-abi3-win_amd64.whl", hash = "sha256:4971ba1a0ca15e7c29cfd808e9600aeb46b2305dad01456eb09fa3197166268e", size = 2983516 },
    { url = "https://files.pythonhosted.org/packages/b2/87/5c29bdaf47bf0b0cee7f467e86ffeb07be5bf8aa2afd2ff6f0785d0515b4/pyside6_pdf-6.12.0.140-cp310-abi3-win_arm64.whl", hash = "sha256:ce6e4d858df1eb4e2adcbd8ba212f3611ce60f9978881fe10d417f36013a6ff9", size = 2758117 },
]

[[package]]
name = "pyside6-webengine"
version = "6.12.0.140"
source = { registry = "https://pypi.org/simple" }
dependencies = [
    { name = "pyside6-addons" },
]
wheels = [
    { url = "https://files.pythonhosted.org/packages/08/37/3b50067bdcba5c22e20a8d7a029c919850c6d94f8398175b330c3b8765ad/pyside6_webengine-6.12.0.140-cp310-abi3-macosx_14_0_universal2.whl", hash = "sha256:9a1de2da360d1817c08e9400a2a2fc5234beb3022a22123e15355169e183074e", size = 249778242 },
    { url = "https://files.pythonhosted.org/packages/ce/e0/cb8b68b962afc253709ed61555d0a4f297fd6786c0e77921d2e951504210/pyside6_webengine-6.12.0.140-cp310-abi3-manylinux_2_34_x86_64.whl", hash = "sha256:c041c9921d7c91c9e51a2c027f434d05c3c59baa2c8f17b71dc8194e77791f06", size = 116741921 },
    { url = "https://files.pythonhosted.org/packages/1b/34/75944ed126293868fcbcc589fa2254e3310016920e5d32d21c29be021524/pyside6_webengine-6.12.0.140-cp310-abi3-manylinux_2_39_aarch64.whl", hash = "sha256:66a842ccb7f06fa7e357f6d4d63bc2739e3cbc1f93583f314e38c43024fe5f74", size = 114053128 },
    { url = "https://files.pythonhosted.org/packages/21/0d/260c7c286f2d4e8a49c099152a385414a872f022117f937824ca0a3f38e5/pyside6_webengine-6.12.0.140-cp310-abi3-win_amd64.whl", hash = "sha256:f9b61b1d457a591ee590a6b80515f25a3e61e2576a2a0a70566380f9d9de4ab0", size = 131697708 },
    { url = "https://files.pythonhosted.org/packages/76/34/7a2d1d7b95c96adf173c77d1862c2587789f7afb8754430fcfc2c9e4e47a/pyside6_webengine-6.12.0.140-cp310-abi3-win_arm64.whl", hash = "sha256:44d1fac2a057a71b8f947fc5177a95fab8a0ea4e2fda068f223a00fd0193a8c7", size = 65723 },
]

[[package]]
name = "pytest"
version = "9.1.1"
source = { registry = "https://pypi.org/simple" }
dependencies = [
    { name = "colorama", marker = "sys_platform == 'win32'" },
    { name = "iniconfig" },
    { name = "packaging" },
    { name = "pluggy" },
    { name = "pygments" },
]
sdist = { url = "https://files.pythonhosted.org/packages/e4/47/b9efed96c114afcfa3c9d3fe98a76a1d14c74a9e266d397cf6eb64be5e01/pytest-9.1.1.tar.gz", hash = "sha256:1088fbde8f2b49d95a549a195707afa7a76a3ce9bcadc26b6d71f0ffda5fe313", size = 1636369 }
wheels = [
    { url = "https://files.pythonhosted.org/packages/24/25/1de2678b631f5a49215c6c96fff41ba892b0a34df68d6d80292b1b48aa7f/pytest-9.1.1-py3-none-any.whl", hash = "sha256:37a86b45efb9a47a61a36449063e8e18d0cab3161329fc099eb21783169c4f0c", size = 386536 },
]

[[package]]
name = "ruff"
version = "0.16.10"
source = { registry = "https://pypi.org/simple" }
sdist = { url = "https://files.pythonhosted.org/packages/c4/49/23802c45f093eb14bde54b141d2b2f058edfa63a06db7beed047308cc08f/ruff-0.16.10.tar.gz", hash = "sha256:eff4728c4eaae93f0955cd264d24b2ab348e74bf59986ccf282ba6dc16b3b017", size = 4958724 }
wheels = [
    { url = "https://files.pythonhosted.org/packages/2f/21/ebce22e1d90cdb2cd691026b9c6e9bec6499f0b396089481755b5d49efff/ruff-0.16.10-py3-none-linux_armv6l.whl", hash = "sha256:488b0fe3f3574210e5cf80d9f59b9e3ab17a127a8155de3f307b392589cfb511", size = 10095557 },
    { url = "https://files.pythonhosted.org/packages/cb/98/a54de85876a8b2612bfa0d84c7b9abfb39c6a3354aee7800b09c1649b9e3/ruff-0.16.10-py3-none-macosx_10_12_x86_64.whl", hash = "sha256:e748ff95c934c4e978783b8e687bc174e7bd84e8ad24e3243e1ecfcda5e0282d", size = 10340577 },
    { url = "https://files.pythonhosted.org/packages/9f/16/1a5a4a2657effe4806110f2b907313802f1367fcdbb29e8122766e407fab/ruff-0.16.10-py3-none-macosx_11_0_arm64.whl", hash = "sha256:3031a4a2e8e7b8a46f70be45f198c35a11ece509a94b80334d8d397a33c67550", size = 9774282 },
    { url = "https://files.pythonhosted.org/packages/6e/fb/470085af734da396e68cd80fb0a3e7c109a459716ae59588c0f6fab8a17d/ruff-0.16.10-py3-none-manylinux_2_17_aarch64.manylinux2014_aarch64.whl", hash = "sha256:494401c86df4c4c25f69b9419605d944467ee98c42fb6ad405ef4fa40b8fb67d", size = 9920895 },
    { url = "https://files.pythonhosted.org/packages/57/de/f10cffe4f88a37ea6615ec460f01bf76f0bc1477737a35d9ee61a630a78b/ruff-0.16.10-py3-none-manylinux_2_17_armv7l.manylinux2014_armv7l.whl", hash = "sha256:d203abc0ff2b773ee33d00ab8df0bb67046fbc7c07b119332f08b9b345cf8221", size = 9902707 },
    { url = "https://files.pythonhosted.org/packages/ff/44/3fdcedf83ae60ef837dd239170e480dce606a9142cfa2db911afdf855fd9/ruff-0.16.10-py3-none-manylinux_2_17_i686.manylinux2014_i686.whl", hash = "sha256:bd83d1235a5258d318477bc5b576303974cbdef5df0c01a1bff14efcc23bd12a", size = 10619287 },
    { url = "https://files.pythonhosted.org/packages/c1/62/02e76a5574002153618eafbb70e159468addc72a5d2c488e65cbb4639d2d/ruff-0.16.10-py3-none-manylinux_2_17_ppc64le.manylinux2014_ppc64le.whl", hash = "sha256:bc2610fb269fa56dd8a68669ae470fa6272902668c0fc2ebc3aa112b2633d5b8", size = 11339942 },
    { url = "https://files.pythonhosted.org/packages/6b/c4/cde27d47ad8d4126c587e608c67c46e7feac11763f606d261a1bc8a489e6/ruff-0.16.10-py3-none-manylinux_2_17_s390x.manylinux2014_s390x.whl", hash = "sha256:3e70175e29cc94c26ea296c80e470180b744b7419026898e58f520c6ab32578e", size = 10934316 },
    { url = "https://files.pythonhosted.org/packages/e4/03/17234145f302a645a123e8c3bb2411ecf4669fbc350de3b0d803230a1729/ruff-0.16.10-py3-none-manylinux_2_17_x86_64.manylinux2014_x86_64.whl", hash = "sha256:f33f43a864a8483eebd160e713336c8bab02c934feaff0a33cf5ccb41546d09a", size = 10387968 },
    { url = "https://files.pythonhosted.org/packages/71/29/2493af60240ee7644b38a4b821f5f9c3b5a4fa3178770fe1d0c685217395/ruff-0.16.10-py3-none-manylinux_2_31_riscv64.whl", hash = "sha256:1dfc6f0088149fb6a362c1c446bcbb3fd2157b3852fe2fa68409276eab9ad9b3", size = 10537906 },
    { url = "https://files.pythonhosted.org/packages/2e/9a/f56b28f3b143bb9e518c34fb89ab191b626bca8b70dbf8af0d2e2d473572/ruff-0.16.10-py3-none-musllinux_1_2_aarch64.whl", hash = "sha256:6553498afc35f580f036030795810b9e6bcea31604b0fd9e8d352795473042e3", size = 10012938 },
    { url = "https://files.pythonhosted.org/packages/c2/c4/fca37362848ea4d4d80712df13632e645e7c7cfb1bdedf140699ac7a090b/ruff-0.16.10-py3-none-musllinux_1_2_armv7l.whl", hash = "sha256:a3b8471dea115d37f123882be852bed13403746d3a76c11de4a19ec5f9ff5a03", size = 9897945 },
    { url = "https://files.pythonhosted.org/packages/7d/c7/e0bc57664d6e0c61fd22f620af260fe9662d7e1ddb320ea7f160e76ef165/ruff-0.16.10-py3-none-musllinux_1_2_i686.whl", hash = "sha256:92e59a70bcbd9d3a5483656da906ec28edfdacfce00afd99edb8b4e9d15644be", size = 10333134 },
    { url = "https://files.pythonhosted.org/packages/21/aa/5c9f3b68737c0e4a33a1db5dfab44f7b786d96ca91a7233112ddab1e6dc2/ruff-0.16.10-py3-none-musllinux_1_2_x86_64.whl", hash = "sha256:7ae7375f803b5520dc9f546bed7e3a0acb70b91812e9bb4b19927de22f25b77d", size = 10741702 },
    { url = "https://files.pythonhosted.org/packages/78/fa/0f9c2020dc316c53d983be011720b8157cc052b97e3f4dfa7db6d0f880a6/ruff-0.16.10-py3-none-win32.whl", hash = "sha256:2a12e01cb9156c10c466f63b46eaae5ecea28dfbd21b5836353ae498e7d1349a", size = 10139176 },
    { url = "https://files.pythonhosted.org/packages/99/29/cfb0df9448d4d4ad48c2de029ada9ebd71baa6da983a6c77ee6c6cd0fe82/ruff-0.16.10-py3-none-win_amd64.whl", hash = "sha256:97f2015c92aa97105b0eab19eb5d224884399281cfc5da86a92db4ab5e7fb2ca", size = 10584734 },
    { url = "https://files.pythonhosted.org/packages/fc/05/c16957eb287c3fc062e032619a25868d93d408a844b725bcf514f7a378ff/ruff-0.16.10-py3-none-win_arm64.whl", hash = "sha256:25a65fe998c4e6861ec079ada5826a2fc605e6cbccbe9dcd7fac1f54e791621b", size = 10366440 },
]

[[package]]
name = "shiboken6"
version = "6.12.0"
source = { registry = "https://pypi.org/simple" }
wheels = [
    { url = "https://files.pythonhosted.org/packages/b5/45/11536fba5f50a57671eb14441c6098096f3e57074e54c9d7d66039a5831e/shiboken6-6.12.0-cp310-abi3-macosx_14_0_universal2.whl", hash = "sha256:47105e05baf57d35453e07d240bbe59cb4b8d9565377ea5134ff9fb37d4f5c02", size = 479653 },
    { url = "https://files.pythonhosted.org/packages/49/c2/a04fa003b4360e99d8e3fc2829abacf37396ace63ea1cd616402209ec7c6/shiboken6-6.12.0-cp310-abi3-manylinux_2_34_x86_64.whl", hash = "sha256:3bde565bb0890044b5c7f63808adddede5abc241e9395a2bfed61919884d6240", size = 279268 },
    { url = "https://files.pythonhosted.org/packages/97/ca/a4415e6218e0dff764fe2b2d30db2fc8f499a08ace07634232ade3f73adc/shiboken6-6.12.0-cp310-abi3-manylinux_2_39_aarch64.whl", hash = "sha256:ff72a72b3277b418902d562b987b33a6f6818bed9fe40a49d634d09bc67f620e", size = 276562 },
    { url = "https://files.pythonhosted.org/packages/2a/b6/bee97e7a2edeab72aafabb46ee5adc939790a638d107860b4cad7a20e407/shiboken6-6.12.0-cp310-abi3-win_amd64.whl", hash = "sha256:a1906cb8116869178c64b6bab52623bbc8b4ceed7b30bfc3c9aa0f6e67f6438e", size = 1265476 },
    { url = "https://files.pythonhosted.org/packages/8c/d5/5894d35f8a470ca8acff0d1cd8f15b1c94cbfdfe0ce4a6ec0fcf10b95bd1/shiboken6-6.12.0-cp310-abi3-win_arm64.whl", hash = "sha256:da382e68f0815b31b6dc2bce11a465b148c4f42c37b91546a361de1576567d10", size = 1838851 },
]
